
Microsoft Visual Studio Solution File, Format Version 12.00
# Visual Studio Version 16
VisualStudioVersion = 16.0.31911.196
MinimumVisualStudioVersion = 10.0.40219.1
Project("{9A19103F-16F7-4668-BE54-9A1E7A4F7556}") = "Esercizio2", "Esercizio2.csproj", "{1134CE51-16B0-43BD-882E-72DDD6F715CF}"
EndProject
Global
	GlobalSection(SolutionConfigurationPlatforms) = preSolution
		Debug|Any CPU = Debug|Any CPU
		Release|Any CPU = Release|Any CPU
	EndGlobalSection
	GlobalSection(ProjectConfigurationPlatforms) = postSolution
		{1134CE51-16B0-43BD-882E-72DDD6F715CF}.Debug|Any CPU.ActiveCfg = Debug|Any CPU
		{1134CE51-16B0-43BD-882E-72DDD6F715CF}.Debug|Any CPU.Build.0 = Debug|Any CPU
		{1134CE51-16B0-43BD-882E-72DDD6F715CF}.Release|Any CPU.ActiveCfg = Release|Any CPU
		{1134CE51-16B0-43BD-882E-72DDD6F715CF}.Release|Any CPU.Build.0 = Release|Any CPU
	EndGlobalSection
	GlobalSection(SolutionProperties) = preSolution
		HideSolutionNode = FALSE
	EndGlobalSection
	GlobalSection(ExtensibilityGlobals) = postSolution
		SolutionGuid = {AC01248A-8399-4AD6-B7DB-42CC82DF2D6F}
	EndGlobalSection
EndGlobal
