
Microsoft Visual Studio Solution File, Format Version 12.00
# Visual Studio Version 16
VisualStudioVersion = 16.0.31729.503
MinimumVisualStudioVersion = 10.0.40219.1
Project("{FAE04EC0-301F-11D3-BF4B-00C04F79EFBC}") = "Calcio", "Calcio.csproj", "{438AF3B3-ECCD-4782-950B-AA47EA50EAFB}"
EndProject
Global
	GlobalSection(SolutionConfigurationPlatforms) = preSolution
		Debug|Any CPU = Debug|Any CPU
		Release|Any CPU = Release|Any CPU
	EndGlobalSection
	GlobalSection(ProjectConfigurationPlatforms) = postSolution
		{438AF3B3-ECCD-4782-950B-AA47EA50EAFB}.Debug|Any CPU.ActiveCfg = Debug|Any CPU
		{438AF3B3-ECCD-4782-950B-AA47EA50EAFB}.Debug|Any CPU.Build.0 = Debug|Any CPU
		{438AF3B3-ECCD-4782-950B-AA47EA50EAFB}.Release|Any CPU.ActiveCfg = Release|Any CPU
		{438AF3B3-ECCD-4782-950B-AA47EA50EAFB}.Release|Any CPU.Build.0 = Release|Any CPU
	EndGlobalSection
	GlobalSection(SolutionProperties) = preSolution
		HideSolutionNode = FALSE
	EndGlobalSection
	GlobalSection(ExtensibilityGlobals) = postSolution
		SolutionGuid = {0B881F85-506B-4774-B4EF-FE0979ABF43E}
	EndGlobalSection
EndGlobal
